<?xml version="1.0" encoding="UTF-8"?>
<CodeBlocks_project_file>
	<FileVersion major="1" minor="6"/>
	<Project>
		<Option title="myNLP"/>
		<Option makefile_is_custom="1"/>
		<Option compiler="gcc"/>
		<Option virtualFolders="CMake Files\;"/>
		<Build>
			<Target title="all">
				<Option working_dir="/home/inazio/TFG/code/Nacho Code/MPC_node/build-non_ros-Desktop-Default"/>
				<Option type="4"/>
				<MakeCommands>
					<Build command="/usr/bin/make -j8 -f &quot;/home/inazio/TFG/code/Nacho\ Code/MPC_node/build-non_ros-Desktop-Default/Makefile&quot;  VERBOSE=1 all"/>
					<CompileFile command="/usr/bin/make -j8 -f &quot;/home/inazio/TFG/code/Nacho\ Code/MPC_node/build-non_ros-Desktop-Default/Makefile&quot;  VERBOSE=1 &quot;$file&quot;"/>
					<Clean command="/usr/bin/make -j8 -f &quot;/home/inazio/TFG/code/Nacho\ Code/MPC_node/build-non_ros-Desktop-Default/Makefile&quot;  VERBOSE=1 clean"/>
					<DistClean command="/usr/bin/make -j8 -f &quot;/home/inazio/TFG/code/Nacho\ Code/MPC_node/build-non_ros-Desktop-Default/Makefile&quot;  VERBOSE=1 clean"/>
				</MakeCommands>
			</Target>
			<Target title="rebuild_cache">
				<Option working_dir="/home/inazio/TFG/code/Nacho Code/MPC_node/build-non_ros-Desktop-Default"/>
				<Option type="4"/>
				<MakeCommands>
					<Build command="/usr/bin/make -j8 -f &quot;/home/inazio/TFG/code/Nacho\ Code/MPC_node/build-non_ros-Desktop-Default/Makefile&quot;  VERBOSE=1 rebuild_cache"/>
					<CompileFile command="/usr/bin/make -j8 -f &quot;/home/inazio/TFG/code/Nacho\ Code/MPC_node/build-non_ros-Desktop-Default/Makefile&quot;  VERBOSE=1 &quot;$file&quot;"/>
					<Clean command="/usr/bin/make -j8 -f &quot;/home/inazio/TFG/code/Nacho\ Code/MPC_node/build-non_ros-Desktop-Default/Makefile&quot;  VERBOSE=1 clean"/>
					<DistClean command="/usr/bin/make -j8 -f &quot;/home/inazio/TFG/code/Nacho\ Code/MPC_node/build-non_ros-Desktop-Default/Makefile&quot;  VERBOSE=1 clean"/>
				</MakeCommands>
			</Target>
			<Target title="try_matrix">
				<Option output="/home/inazio/TFG/code/Nacho Code/MPC_node/build-non_ros-Desktop-Default/try_matrix" prefix_auto="0" extension_auto="0"/>
				<Option working_dir="/home/inazio/TFG/code/Nacho Code/MPC_node/build-non_ros-Desktop-Default"/>
				<Option object_output="./"/>
				<Option type="1"/>
				<Option compiler="gcc"/>
				<Compiler>
					<Add directory="/usr/local/include/coin-or"/>
					<Add directory="/home/inazio/TFG/code/Nacho Code/MPC_node/non_ros/include"/>
					<Add directory="/usr/include/c++/7"/>
					<Add directory="/usr/include/x86_64-linux-gnu/c++/7"/>
					<Add directory="/usr/include/c++/7/backward"/>
					<Add directory="/usr/lib/gcc/x86_64-linux-gnu/7/include"/>
					<Add directory="/usr/local/include"/>
					<Add directory="/usr/lib/gcc/x86_64-linux-gnu/7/include-fixed"/>
					<Add directory="/usr/include/x86_64-linux-gnu"/>
					<Add directory="/usr/include"/>
				</Compiler>
				<MakeCommands>
					<Build command="/usr/bin/make -j8 -f &quot;/home/inazio/TFG/code/Nacho\ Code/MPC_node/build-non_ros-Desktop-Default/Makefile&quot;  VERBOSE=1 try_matrix"/>
					<CompileFile command="/usr/bin/make -j8 -f &quot;/home/inazio/TFG/code/Nacho\ Code/MPC_node/build-non_ros-Desktop-Default/Makefile&quot;  VERBOSE=1 &quot;$file&quot;"/>
					<Clean command="/usr/bin/make -j8 -f &quot;/home/inazio/TFG/code/Nacho\ Code/MPC_node/build-non_ros-Desktop-Default/Makefile&quot;  VERBOSE=1 clean"/>
					<DistClean command="/usr/bin/make -j8 -f &quot;/home/inazio/TFG/code/Nacho\ Code/MPC_node/build-non_ros-Desktop-Default/Makefile&quot;  VERBOSE=1 clean"/>
				</MakeCommands>
			</Target>
			<Target title="try_matrix/fast">
				<Option output="/home/inazio/TFG/code/Nacho Code/MPC_node/build-non_ros-Desktop-Default/try_matrix" prefix_auto="0" extension_auto="0"/>
				<Option working_dir="/home/inazio/TFG/code/Nacho Code/MPC_node/build-non_ros-Desktop-Default"/>
				<Option object_output="./"/>
				<Option type="1"/>
				<Option compiler="gcc"/>
				<Compiler>
					<Add directory="/usr/local/include/coin-or"/>
					<Add directory="/home/inazio/TFG/code/Nacho Code/MPC_node/non_ros/include"/>
					<Add directory="/usr/include/c++/7"/>
					<Add directory="/usr/include/x86_64-linux-gnu/c++/7"/>
					<Add directory="/usr/include/c++/7/backward"/>
					<Add directory="/usr/lib/gcc/x86_64-linux-gnu/7/include"/>
					<Add directory="/usr/local/include"/>
					<Add directory="/usr/lib/gcc/x86_64-linux-gnu/7/include-fixed"/>
					<Add directory="/usr/include/x86_64-linux-gnu"/>
					<Add directory="/usr/include"/>
				</Compiler>
				<MakeCommands>
					<Build command="/usr/bin/make -j8 -f &quot;/home/inazio/TFG/code/Nacho\ Code/MPC_node/build-non_ros-Desktop-Default/Makefile&quot;  VERBOSE=1 try_matrix/fast"/>
					<CompileFile command="/usr/bin/make -j8 -f &quot;/home/inazio/TFG/code/Nacho\ Code/MPC_node/build-non_ros-Desktop-Default/Makefile&quot;  VERBOSE=1 &quot;$file&quot;"/>
					<Clean command="/usr/bin/make -j8 -f &quot;/home/inazio/TFG/code/Nacho\ Code/MPC_node/build-non_ros-Desktop-Default/Makefile&quot;  VERBOSE=1 clean"/>
					<DistClean command="/usr/bin/make -j8 -f &quot;/home/inazio/TFG/code/Nacho\ Code/MPC_node/build-non_ros-Desktop-Default/Makefile&quot;  VERBOSE=1 clean"/>
				</MakeCommands>
			</Target>
			<Target title="myNLP">
				<Option output="/home/inazio/TFG/code/Nacho Code/MPC_node/build-non_ros-Desktop-Default/libmyNLP.a" prefix_auto="0" extension_auto="0"/>
				<Option working_dir="/home/inazio/TFG/code/Nacho Code/MPC_node/build-non_ros-Desktop-Default"/>
				<Option object_output="./"/>
				<Option type="2"/>
				<Option compiler="gcc"/>
				<Compiler>
					<Add directory="/usr/local/include/coin-or"/>
					<Add directory="/home/inazio/TFG/code/Nacho Code/MPC_node/non_ros/include"/>
					<Add directory="/usr/include/c++/7"/>
					<Add directory="/usr/include/x86_64-linux-gnu/c++/7"/>
					<Add directory="/usr/include/c++/7/backward"/>
					<Add directory="/usr/lib/gcc/x86_64-linux-gnu/7/include"/>
					<Add directory="/usr/local/include"/>
					<Add directory="/usr/lib/gcc/x86_64-linux-gnu/7/include-fixed"/>
					<Add directory="/usr/include/x86_64-linux-gnu"/>
					<Add directory="/usr/include"/>
				</Compiler>
				<MakeCommands>
					<Build command="/usr/bin/make -j8 -f &quot;/home/inazio/TFG/code/Nacho\ Code/MPC_node/build-non_ros-Desktop-Default/Makefile&quot;  VERBOSE=1 myNLP"/>
					<CompileFile command="/usr/bin/make -j8 -f &quot;/home/inazio/TFG/code/Nacho\ Code/MPC_node/build-non_ros-Desktop-Default/Makefile&quot;  VERBOSE=1 &quot;$file&quot;"/>
					<Clean command="/usr/bin/make -j8 -f &quot;/home/inazio/TFG/code/Nacho\ Code/MPC_node/build-non_ros-Desktop-Default/Makefile&quot;  VERBOSE=1 clean"/>
					<DistClean command="/usr/bin/make -j8 -f &quot;/home/inazio/TFG/code/Nacho\ Code/MPC_node/build-non_ros-Desktop-Default/Makefile&quot;  VERBOSE=1 clean"/>
				</MakeCommands>
			</Target>
			<Target title="myNLP/fast">
				<Option output="/home/inazio/TFG/code/Nacho Code/MPC_node/build-non_ros-Desktop-Default/libmyNLP.a" prefix_auto="0" extension_auto="0"/>
				<Option working_dir="/home/inazio/TFG/code/Nacho Code/MPC_node/build-non_ros-Desktop-Default"/>
				<Option object_output="./"/>
				<Option type="2"/>
				<Option compiler="gcc"/>
				<Compiler>
					<Add directory="/usr/local/include/coin-or"/>
					<Add directory="/home/inazio/TFG/code/Nacho Code/MPC_node/non_ros/include"/>
					<Add directory="/usr/include/c++/7"/>
					<Add directory="/usr/include/x86_64-linux-gnu/c++/7"/>
					<Add directory="/usr/include/c++/7/backward"/>
					<Add directory="/usr/lib/gcc/x86_64-linux-gnu/7/include"/>
					<Add directory="/usr/local/include"/>
					<Add directory="/usr/lib/gcc/x86_64-linux-gnu/7/include-fixed"/>
					<Add directory="/usr/include/x86_64-linux-gnu"/>
					<Add directory="/usr/include"/>
				</Compiler>
				<MakeCommands>
					<Build command="/usr/bin/make -j8 -f &quot;/home/inazio/TFG/code/Nacho\ Code/MPC_node/build-non_ros-Desktop-Default/Makefile&quot;  VERBOSE=1 myNLP/fast"/>
					<CompileFile command="/usr/bin/make -j8 -f &quot;/home/inazio/TFG/code/Nacho\ Code/MPC_node/build-non_ros-Desktop-Default/Makefile&quot;  VERBOSE=1 &quot;$file&quot;"/>
					<Clean command="/usr/bin/make -j8 -f &quot;/home/inazio/TFG/code/Nacho\ Code/MPC_node/build-non_ros-Desktop-Default/Makefile&quot;  VERBOSE=1 clean"/>
					<DistClean command="/usr/bin/make -j8 -f &quot;/home/inazio/TFG/code/Nacho\ Code/MPC_node/build-non_ros-Desktop-Default/Makefile&quot;  VERBOSE=1 clean"/>
				</MakeCommands>
			</Target>
			<Target title="edit_cache">
				<Option working_dir="/home/inazio/TFG/code/Nacho Code/MPC_node/build-non_ros-Desktop-Default"/>
				<Option type="4"/>
				<MakeCommands>
					<Build command="/usr/bin/make -j8 -f &quot;/home/inazio/TFG/code/Nacho\ Code/MPC_node/build-non_ros-Desktop-Default/Makefile&quot;  VERBOSE=1 edit_cache"/>
					<CompileFile command="/usr/bin/make -j8 -f &quot;/home/inazio/TFG/code/Nacho\ Code/MPC_node/build-non_ros-Desktop-Default/Makefile&quot;  VERBOSE=1 &quot;$file&quot;"/>
					<Clean command="/usr/bin/make -j8 -f &quot;/home/inazio/TFG/code/Nacho\ Code/MPC_node/build-non_ros-Desktop-Default/Makefile&quot;  VERBOSE=1 clean"/>
					<DistClean command="/usr/bin/make -j8 -f &quot;/home/inazio/TFG/code/Nacho\ Code/MPC_node/build-non_ros-Desktop-Default/Makefile&quot;  VERBOSE=1 clean"/>
				</MakeCommands>
			</Target>
			<Target title="ipopt_example">
				<Option output="/home/inazio/TFG/code/Nacho Code/MPC_node/build-non_ros-Desktop-Default/ipopt_example" prefix_auto="0" extension_auto="0"/>
				<Option working_dir="/home/inazio/TFG/code/Nacho Code/MPC_node/build-non_ros-Desktop-Default"/>
				<Option object_output="./"/>
				<Option type="1"/>
				<Option compiler="gcc"/>
				<Compiler>
					<Add directory="/usr/local/include/coin-or"/>
					<Add directory="/home/inazio/TFG/code/Nacho Code/MPC_node/non_ros/include"/>
					<Add directory="/usr/include/c++/7"/>
					<Add directory="/usr/include/x86_64-linux-gnu/c++/7"/>
					<Add directory="/usr/include/c++/7/backward"/>
					<Add directory="/usr/lib/gcc/x86_64-linux-gnu/7/include"/>
					<Add directory="/usr/local/include"/>
					<Add directory="/usr/lib/gcc/x86_64-linux-gnu/7/include-fixed"/>
					<Add directory="/usr/include/x86_64-linux-gnu"/>
					<Add directory="/usr/include"/>
				</Compiler>
				<MakeCommands>
					<Build command="/usr/bin/make -j8 -f &quot;/home/inazio/TFG/code/Nacho\ Code/MPC_node/build-non_ros-Desktop-Default/Makefile&quot;  VERBOSE=1 ipopt_example"/>
					<CompileFile command="/usr/bin/make -j8 -f &quot;/home/inazio/TFG/code/Nacho\ Code/MPC_node/build-non_ros-Desktop-Default/Makefile&quot;  VERBOSE=1 &quot;$file&quot;"/>
					<Clean command="/usr/bin/make -j8 -f &quot;/home/inazio/TFG/code/Nacho\ Code/MPC_node/build-non_ros-Desktop-Default/Makefile&quot;  VERBOSE=1 clean"/>
					<DistClean command="/usr/bin/make -j8 -f &quot;/home/inazio/TFG/code/Nacho\ Code/MPC_node/build-non_ros-Desktop-Default/Makefile&quot;  VERBOSE=1 clean"/>
				</MakeCommands>
			</Target>
			<Target title="ipopt_example/fast">
				<Option output="/home/inazio/TFG/code/Nacho Code/MPC_node/build-non_ros-Desktop-Default/ipopt_example" prefix_auto="0" extension_auto="0"/>
				<Option working_dir="/home/inazio/TFG/code/Nacho Code/MPC_node/build-non_ros-Desktop-Default"/>
				<Option object_output="./"/>
				<Option type="1"/>
				<Option compiler="gcc"/>
				<Compiler>
					<Add directory="/usr/local/include/coin-or"/>
					<Add directory="/home/inazio/TFG/code/Nacho Code/MPC_node/non_ros/include"/>
					<Add directory="/usr/include/c++/7"/>
					<Add directory="/usr/include/x86_64-linux-gnu/c++/7"/>
					<Add directory="/usr/include/c++/7/backward"/>
					<Add directory="/usr/lib/gcc/x86_64-linux-gnu/7/include"/>
					<Add directory="/usr/local/include"/>
					<Add directory="/usr/lib/gcc/x86_64-linux-gnu/7/include-fixed"/>
					<Add directory="/usr/include/x86_64-linux-gnu"/>
					<Add directory="/usr/include"/>
				</Compiler>
				<MakeCommands>
					<Build command="/usr/bin/make -j8 -f &quot;/home/inazio/TFG/code/Nacho\ Code/MPC_node/build-non_ros-Desktop-Default/Makefile&quot;  VERBOSE=1 ipopt_example/fast"/>
					<CompileFile command="/usr/bin/make -j8 -f &quot;/home/inazio/TFG/code/Nacho\ Code/MPC_node/build-non_ros-Desktop-Default/Makefile&quot;  VERBOSE=1 &quot;$file&quot;"/>
					<Clean command="/usr/bin/make -j8 -f &quot;/home/inazio/TFG/code/Nacho\ Code/MPC_node/build-non_ros-Desktop-Default/Makefile&quot;  VERBOSE=1 clean"/>
					<DistClean command="/usr/bin/make -j8 -f &quot;/home/inazio/TFG/code/Nacho\ Code/MPC_node/build-non_ros-Desktop-Default/Makefile&quot;  VERBOSE=1 clean"/>
				</MakeCommands>
			</Target>
		</Build>
		<Unit filename="/home/inazio/TFG/code/Nacho Code/MPC_node/non_ros/MyNLP.cpp">
			<Option target="myNLP"/>
		</Unit>
		<Unit filename="/home/inazio/TFG/code/Nacho Code/MPC_node/non_ros/MyNLP.hpp">
			<Option target="myNLP"/>
		</Unit>
		<Unit filename="/home/inazio/TFG/code/Nacho Code/MPC_node/non_ros/Try_matrix.cpp">
			<Option target="try_matrix"/>
		</Unit>
		<Unit filename="/home/inazio/TFG/code/Nacho Code/MPC_node/non_ros/cpp_example.cpp">
			<Option target="ipopt_example"/>
		</Unit>
		<Unit filename="/home/inazio/TFG/code/Nacho Code/MPC_node/non_ros/CMakeLists.txt">
			<Option virtualFolder="CMake Files\"/>
		</Unit>
	</Project>
</CodeBlocks_project_file>
